
Microsoft Visual Studio Solution File, Format Version 12.00
# Visual Studio Version 17
VisualStudioVersion = 17.13.35931.197 d17.13
MinimumVisualStudioVersion = 10.0.40219.1
Project("{FAE04EC0-301F-11D3-BF4B-00C04F79EFBC}") = "Laskar.API", "Laskar.API\Laskar.API.csproj", "{B7ECA536-BE75-4E00-8771-FB563860E33C}"
EndProject
Project("{FAE04EC0-301F-11D3-BF4B-00C04F79EFBC}") = "Laskar.Shared", "Laskar.Shared\Laskar.Shared.csproj", "{0B974D95-0F16-44DD-A458-F1DC949AA8CF}"
EndProject
Project("{FAE04EC0-301F-11D3-BF4B-00C04F79EFBC}") = "LaskarGUI", "LaskarGUI\LaskarGUI.csproj", "{EB164CBE-3133-4F0A-8300-4B7FA84C6661}"
EndProject
Project("{FAE04EC0-301F-11D3-BF4B-00C04F79EFBC}") = "Laskar.CLI", "Laskar.CLI\Laskar.CLI.csproj", "{0D9E1F67-8011-44CF-91B3-CDBF938D6F70}"
EndProject
Global
	GlobalSection(SolutionConfigurationPlatforms) = preSolution
		Debug|Any CPU = Debug|Any CPU
		Release|Any CPU = Release|Any CPU
	EndGlobalSection
	GlobalSection(ProjectConfigurationPlatforms) = postSolution
		{B7ECA536-BE75-4E00-8771-FB563860E33C}.Debug|Any CPU.ActiveCfg = Debug|Any CPU
		{B7ECA536-BE75-4E00-8771-FB563860E33C}.Debug|Any CPU.Build.0 = Debug|Any CPU
		{B7ECA536-BE75-4E00-8771-FB563860E33C}.Release|Any CPU.ActiveCfg = Release|Any CPU
		{B7ECA536-BE75-4E00-8771-FB563860E33C}.Release|Any CPU.Build.0 = Release|Any CPU
		{0B974D95-0F16-44DD-A458-F1DC949AA8CF}.Debug|Any CPU.ActiveCfg = Debug|Any CPU
		{0B974D95-0F16-44DD-A458-F1DC949AA8CF}.Debug|Any CPU.Build.0 = Debug|Any CPU
		{0B974D95-0F16-44DD-A458-F1DC949AA8CF}.Release|Any CPU.ActiveCfg = Release|Any CPU
		{0B974D95-0F16-44DD-A458-F1DC949AA8CF}.Release|Any CPU.Build.0 = Release|Any CPU
		{EB164CBE-3133-4F0A-8300-4B7FA84C6661}.Debug|Any CPU.ActiveCfg = Debug|Any CPU
		{EB164CBE-3133-4F0A-8300-4B7FA84C6661}.Debug|Any CPU.Build.0 = Debug|Any CPU
		{EB164CBE-3133-4F0A-8300-4B7FA84C6661}.Release|Any CPU.ActiveCfg = Release|Any CPU
		{EB164CBE-3133-4F0A-8300-4B7FA84C6661}.Release|Any CPU.Build.0 = Release|Any CPU
		{0D9E1F67-8011-44CF-91B3-CDBF938D6F70}.Debug|Any CPU.ActiveCfg = Debug|Any CPU
		{0D9E1F67-8011-44CF-91B3-CDBF938D6F70}.Debug|Any CPU.Build.0 = Debug|Any CPU
		{0D9E1F67-8011-44CF-91B3-CDBF938D6F70}.Release|Any CPU.ActiveCfg = Release|Any CPU
		{0D9E1F67-8011-44CF-91B3-CDBF938D6F70}.Release|Any CPU.Build.0 = Release|Any CPU
	EndGlobalSection
	GlobalSection(SolutionProperties) = preSolution
		HideSolutionNode = FALSE
	EndGlobalSection
	GlobalSection(ExtensibilityGlobals) = postSolution
		SolutionGuid = {0F322540-4076-4F71-8FD2-1E1E91575FE2}
	EndGlobalSection
EndGlobal
